
Microsoft Visual Studio Solution File, Format Version 12.00
# Visual Studio Version 17
VisualStudioVersion = 17.1.32328.378
MinimumVisualStudioVersion = 10.0.40219.1
Project("{FAE04EC0-301F-11D3-BF4B-00C04F79EFBC}") = "MVCWithADO", "MVCWithADO.csproj", "{6BC11EC4-4429-4AFE-9D01-629D6F66498E}"
EndProject
Global
	GlobalSection(SolutionConfigurationPlatforms) = preSolution
		Debug|Any CPU = Debug|Any CPU
		Release|Any CPU = Release|Any CPU
	EndGlobalSection
	GlobalSection(ProjectConfigurationPlatforms) = postSolution
		{6BC11EC4-4429-4AFE-9D01-629D6F66498E}.Debug|Any CPU.ActiveCfg = Debug|Any CPU
		{6BC11EC4-4429-4AFE-9D01-629D6F66498E}.Debug|Any CPU.Build.0 = Debug|Any CPU
		{6BC11EC4-4429-4AFE-9D01-629D6F66498E}.Release|Any CPU.ActiveCfg = Release|Any CPU
		{6BC11EC4-4429-4AFE-9D01-629D6F66498E}.Release|Any CPU.Build.0 = Release|Any CPU
	EndGlobalSection
	GlobalSection(SolutionProperties) = preSolution
		HideSolutionNode = FALSE
	EndGlobalSection
	GlobalSection(ExtensibilityGlobals) = postSolution
		SolutionGuid = {4A40FDB3-FF29-401C-AA37-301083DB4182}
	EndGlobalSection
EndGlobal
